
Microsoft Visual Studio Solution File, Format Version 12.00
# Visual Studio Version 16
VisualStudioVersion = 16.0.31025.194
MinimumVisualStudioVersion = 10.0.40219.1
Project("{FAE04EC0-301F-11D3-BF4B-00C04F79EFBC}") = "WpfApp1", "WpfApp1.csproj", "{4DED4DFD-0FBA-4238-9A96-8310E84C50CE}"
EndProject
Global
	GlobalSection(SolutionConfigurationPlatforms) = preSolution
		Debug|Any CPU = Debug|Any CPU
		Release|Any CPU = Release|Any CPU
	EndGlobalSection
	GlobalSection(ProjectConfigurationPlatforms) = postSolution
		{4DED4DFD-0FBA-4238-9A96-8310E84C50CE}.Debug|Any CPU.ActiveCfg = Debug|Any CPU
		{4DED4DFD-0FBA-4238-9A96-8310E84C50CE}.Debug|Any CPU.Build.0 = Debug|Any CPU
		{4DED4DFD-0FBA-4238-9A96-8310E84C50CE}.Release|Any CPU.ActiveCfg = Release|Any CPU
		{4DED4DFD-0FBA-4238-9A96-8310E84C50CE}.Release|Any CPU.Build.0 = Release|Any CPU
	EndGlobalSection
	GlobalSection(SolutionProperties) = preSolution
		HideSolutionNode = FALSE
	EndGlobalSection
	GlobalSection(ExtensibilityGlobals) = postSolution
		SolutionGuid = {CDC73A3A-B9D9-42CC-95CF-D3E3A290910F}
	EndGlobalSection
EndGlobal
